{
  "name": "gdtool",
  "version": "0.0.2",
  "lockfileVersion": 1,
  "requires": true,
  "dependencies": {
    "commander": {
      "version": "2.18.0",
      "resolved": "https://registry.npmjs.org/commander/-/commander-2.18.0.tgz",
      "integrity": "sha512-6CYPa+JP2ftfRU2qkDK+UTVeQYosOg/2GbcjIcKPHfinyOLPVGXu/ovN86RP49Re5ndJK1N0kuiidFFuepc4ZQ=="
    },
    "webidl2": {
      "version": "14.0.1",
      "resolved": "https://registry.npmjs.org/webidl2/-/webidl2-14.0.1.tgz",
      "integrity": "sha512-sAb1biHP+jYZ7OBBDjEIuSfOBor4m8u9tHCFkekvBAnmrJgEGNDjzdKgBz7Ea763iVWQxzakB6WRxfr5JXCIOw=="
    }
  }
}
